// !$*UTF8*$!
{
	archiveVersion = 1;
	classes = {
	};
	objectVersion = 48;
	objects = {

/* Begin PBXBuildFile section */
		247AD82FF6CD043F88C51205 /* Pods_FlixTests.framework in Frameworks */ = {isa = PBXBuildFile; fileRef = 1FD48224F18AB586B7253F13 /* Pods_FlixTests.framework */; };
		662898B3CC78B4F786DA08DC /* Pods_Flix.framework in Frameworks */ = {isa = PBXBuildFile; fileRef = 97046817D61EEB121DA7A2DB /* Pods_Flix.framework */; };
		72889181DAC8FFC4496FE51A /* Pods_FlixUITests.framework in Frameworks */ = {isa = PBXBuildFile; fileRef = 82AC95CAAD60DD1A65808E75 /* Pods_FlixUITests.framework */; };
		82B34C2321F6AC81004657B8 /* MovieCell.swift in Sources */ = {isa = PBXBuildFile; fileRef = 82B34C2221F6AC81004657B8 /* MovieCell.swift */; };
		82E11C6C21F4FF0E004BB784 /* AppDelegate.swift in Sources */ = {isa = PBXBuildFile; fileRef = 82E11C6B21F4FF0E004BB784 /* AppDelegate.swift */; };
		82E11C7121F4FF0E004BB784 /* Main.storyboard in Resources */ = {isa = PBXBuildFile; fileRef = 82E11C6F21F4FF0E004BB784 /* Main.storyboard */; };
		82E11C7321F4FF0E004BB784 /* Assets.xcassets in Resources */ = {isa = PBXBuildFile; fileRef = 82E11C7221F4FF0E004BB784 /* Assets.xcassets */; };
		82E11C7621F4FF0E004BB784 /* LaunchScreen.storyboard in Resources */ = {isa = PBXBuildFile; fileRef = 82E11C7421F4FF0E004BB784 /* LaunchScreen.storyboard */; };
		82E11C8121F4FF0E004BB784 /* FlixTests.swift in Sources */ = {isa = PBXBuildFile; fileRef = 82E11C8021F4FF0E004BB784 /* FlixTests.swift */; };
		82E11C8C21F4FF0E004BB784 /* FlixUITests.swift in Sources */ = {isa = PBXBuildFile; fileRef = 82E11C8B21F4FF0E004BB784 /* FlixUITests.swift */; };
		82E11C9A21F50275004BB784 /* MovieViewController.swift in Sources */ = {isa = PBXBuildFile; fileRef = 82E11C9921F50275004BB784 /* MovieViewController.swift */; };
/* End PBXBuildFile section */

/* Begin PBXContainerItemProxy section */
		82E11C7D21F4FF0E004BB784 /* PBXContainerItemProxy */ = {
			isa = PBXContainerItemProxy;
			containerPortal = 82E11C6021F4FF0D004BB784 /* Project object */;
			proxyType = 1;
			remoteGlobalIDString = 82E11C6721F4FF0E004BB784;
			remoteInfo = Flix;
		};
		82E11C8821F4FF0E004BB784 /* PBXContainerItemProxy */ = {
			isa = PBXContainerItemProxy;
			containerPortal = 82E11C6021F4FF0D004BB784 /* Project object */;
			proxyType = 1;
			remoteGlobalIDString = 82E11C6721F4FF0E004BB784;
			remoteInfo = Flix;
		};
/* End PBXContainerItemProxy section */

/* Begin PBXFileReference section */
		0B69CDD7BD0C7C22CCBE9455 /* Pods-FlixTests.release.xcconfig */ = {isa = PBXFileReference; includeInIndex = 1; lastKnownFileType = text.xcconfig; name = "Pods-FlixTests.release.xcconfig"; path = "Pods/Target Support Files/Pods-FlixTests/Pods-FlixTests.release.xcconfig"; sourceTree = "<group>"; };
		1FD48224F18AB586B7253F13 /* Pods_FlixTests.framework */ = {isa = PBXFileReference; explicitFileType = wrapper.framework; includeInIndex = 0; path = Pods_FlixTests.framework; sourceTree = BUILT_PRODUCTS_DIR; };
		405CF97D7463880ABDD5CFF0 /* Pods-FlixTests.debug.xcconfig */ = {isa = PBXFileReference; includeInIndex = 1; lastKnownFileType = text.xcconfig; name = "Pods-FlixTests.debug.xcconfig"; path = "Pods/Target Support Files/Pods-FlixTests/Pods-FlixTests.debug.xcconfig"; sourceTree = "<group>"; };
		42679E79C5F99A1B8C196829 /* Pods-Flix.release.xcconfig */ = {isa = PBXFileReference; includeInIndex = 1; lastKnownFileType = text.xcconfig; name = "Pods-Flix.release.xcconfig"; path = "Pods/Target Support Files/Pods-Flix/Pods-Flix.release.xcconfig"; sourceTree = "<group>"; };
		82AC95CAAD60DD1A65808E75 /* Pods_FlixUITests.framework */ = {isa = PBXFileReference; explicitFileType = wrapper.framework; includeInIndex = 0; path = Pods_FlixUITests.framework; sourceTree = BUILT_PRODUCTS_DIR; };
		82B34C2221F6AC81004657B8 /* MovieCell.swift */ = {isa = PBXFileReference; lastKnownFileType = sourcecode.swift; path = MovieCell.swift; sourceTree = "<group>"; };
		82E11C6821F4FF0E004BB784 /* Flix.app */ = {isa = PBXFileReference; explicitFileType = wrapper.application; includeInIndex = 0; path = Flix.app; sourceTree = BUILT_PRODUCTS_DIR; };
		82E11C6B21F4FF0E004BB784 /* AppDelegate.swift */ = {isa = PBXFileReference; lastKnownFileType = sourcecode.swift; path = AppDelegate.swift; sourceTree = "<group>"; };
		82E11C7021F4FF0E004BB784 /* Base */ = {isa = PBXFileReference; lastKnownFileType = file.storyboard; name = Base; path = Base.lproj/Main.storyboard; sourceTree = "<group>"; };
		82E11C7221F4FF0E004BB784 /* Assets.xcassets */ = {isa = PBXFileReference; lastKnownFileType = folder.assetcatalog; path = Assets.xcassets; sourceTree = "<group>"; };
		82E11C7521F4FF0E004BB784 /* Base */ = {isa = PBXFileReference; lastKnownFileType = file.storyboard; name = Base; path = Base.lproj/LaunchScreen.storyboard; sourceTree = "<group>"; };
		82E11C7721F4FF0E004BB784 /* Info.plist */ = {isa = PBXFileReference; lastKnownFileType = text.plist.xml; path = Info.plist; sourceTree = "<group>"; };
		82E11C7C21F4FF0E004BB784 /* FlixTests.xctest */ = {isa = PBXFileReference; explicitFileType = wrapper.cfbundle; includeInIndex = 0; path = FlixTests.xctest; sourceTree = BUILT_PRODUCTS_DIR; };
		82E11C8021F4FF0E004BB784 /* FlixTests.swift */ = {isa = PBXFileReference; lastKnownFileType = sourcecode.swift; path = FlixTests.swift; sourceTree = "<group>"; };
		82E11C8221F4FF0E004BB784 /* Info.plist */ = {isa = PBXFileReference; lastKnownFileType = text.plist.xml; path = Info.plist; sourceTree = "<group>"; };
		82E11C8721F4FF0E004BB784 /* FlixUITests.xctest */ = {isa = PBXFileReference; explicitFileType = wrapper.cfbundle; includeInIndex = 0; path = FlixUITests.xctest; sourceTree = BUILT_PRODUCTS_DIR; };
		82E11C8B21F4FF0E004BB784 /* FlixUITests.swift */ = {isa = PBXFileReference; lastKnownFileType = sourcecode.swift; path = FlixUITests.swift; sourceTree = "<group>"; };
		82E11C8D21F4FF0E004BB784 /* Info.plist */ = {isa = PBXFileReference; lastKnownFileType = text.plist.xml; path = Info.plist; sourceTree = "<group>"; };
		82E11C9921F50275004BB784 /* MovieViewController.swift */ = {isa = PBXFileReference; lastKnownFileType = sourcecode.swift; path = MovieViewController.swift; sourceTree = "<group>"; };
		97046817D61EEB121DA7A2DB /* Pods_Flix.framework */ = {isa = PBXFileReference; explicitFileType = wrapper.framework; includeInIndex = 0; path = Pods_Flix.framework; sourceTree = BUILT_PRODUCTS_DIR; };
		E0CF509CD6AF2B113A94D617 /* Pods-FlixUITests.release.xcconfig */ = {isa = PBXFileReference; includeInIndex = 1; lastKnownFileType = text.xcconfig; name = "Pods-FlixUITests.release.xcconfig"; path = "Pods/Target Support Files/Pods-FlixUITests/Pods-FlixUITests.release.xcconfig"; sourceTree = "<group>"; };
		EAE8F1779D0B7D6D7C59681D /* Pods-FlixUITests.debug.xcconfig */ = {isa = PBXFileReference; includeInIndex = 1; lastKnownFileType = text.xcconfig; name = "Pods-FlixUITests.debug.xcconfig"; path = "Pods/Target Support Files/Pods-FlixUITests/Pods-FlixUITests.debug.xcconfig"; sourceTree = "<group>"; };
		FE19B9F52A114035D3082D5D /* Pods-Flix.debug.xcconfig */ = {isa = PBXFileReference; includeInIndex = 1; lastKnownFileType = text.xcconfig; name = "Pods-Flix.debug.xcconfig"; path = "Pods/Target Support Files/Pods-Flix/Pods-Flix.debug.xcconfig"; sourceTree = "<group>"; };
/* End PBXFileReference section */

/* Begin PBXFrameworksBuildPhase section */
		82E11C6521F4FF0E004BB784 /* Frameworks */ = {
			isa = PBXFrameworksBuildPhase;
			buildActionMask = 2147483647;
			files = (
				662898B3CC78B4F786DA08DC /* Pods_Flix.framework in Frameworks */,
			);
			runOnlyForDeploymentPostprocessing = 0;
		};
		82E11C7921F4FF0E004BB784 /* Frameworks */ = {
			isa = PBXFrameworksBuildPhase;
			buildActionMask = 2147483647;
			files = (
				247AD82FF6CD043F88C51205 /* Pods_FlixTests.framework in Frameworks */,
			);
			runOnlyForDeploymentPostprocessing = 0;
		};
		82E11C8421F4FF0E004BB784 /* Frameworks */ = {
			isa = PBXFrameworksBuildPhase;
			buildActionMask = 2147483647;
			files = (
				72889181DAC8FFC4496FE51A /* Pods_FlixUITests.framework in Frameworks */,
			);
			runOnlyForDeploymentPostprocessing = 0;
		};
/* End PBXFrameworksBuildPhase section */

/* Begin PBXGroup section */
		600BAD85B1D50A85D50174FB /* Pods */ = {
			isa = PBXGroup;
			children = (
				FE19B9F52A114035D3082D5D /* Pods-Flix.debug.xcconfig */,
				42679E79C5F99A1B8C196829 /* Pods-Flix.release.xcconfig */,
				405CF97D7463880ABDD5CFF0 /* Pods-FlixTests.debug.xcconfig */,
				0B69CDD7BD0C7C22CCBE9455 /* Pods-FlixTests.release.xcconfig */,
				EAE8F1779D0B7D6D7C59681D /* Pods-FlixUITests.debug.xcconfig */,
				E0CF509CD6AF2B113A94D617 /* Pods-FlixUITests.release.xcconfig */,
			);
			name = Pods;
			sourceTree = "<group>";
		};
		82E11C5F21F4FF0D004BB784 = {
			isa = PBXGroup;
			children = (
				82B34C2221F6AC81004657B8 /* MovieCell.swift */,
				82E11C6A21F4FF0E004BB784 /* Flix */,
				82E11C7F21F4FF0E004BB784 /* FlixTests */,
				82E11C8A21F4FF0E004BB784 /* FlixUITests */,
				82E11C6921F4FF0E004BB784 /* Products */,
				600BAD85B1D50A85D50174FB /* Pods */,
				C45F767F42A584090F6C19D6 /* Frameworks */,
			);
			sourceTree = "<group>";
		};
		82E11C6921F4FF0E004BB784 /* Products */ = {
			isa = PBXGroup;
			children = (
				82E11C6821F4FF0E004BB784 /* Flix.app */,
				82E11C7C21F4FF0E004BB784 /* FlixTests.xctest */,
				82E11C8721F4FF0E004BB784 /* FlixUITests.xctest */,
			);
			name = Products;
			sourceTree = "<group>";
		};
		82E11C6A21F4FF0E004BB784 /* Flix */ = {
			isa = PBXGroup;
			children = (
				82E11C6B21F4FF0E004BB784 /* AppDelegate.swift */,
				82E11C6F21F4FF0E004BB784 /* Main.storyboard */,
				82E11C7221F4FF0E004BB784 /* Assets.xcassets */,
				82E11C7421F4FF0E004BB784 /* LaunchScreen.storyboard */,
				82E11C7721F4FF0E004BB784 /* Info.plist */,
				82E11C9921F50275004BB784 /* MovieViewController.swift */,
			);
			path = Flix;
			sourceTree = "<group>";
		};
		82E11C7F21F4FF0E004BB784 /* FlixTests */ = {
			isa = PBXGroup;
			children = (
				82E11C8021F4FF0E004BB784 /* FlixTests.swift */,
				82E11C8221F4FF0E004BB784 /* Info.plist */,
			);
			path = FlixTests;
			sourceTree = "<group>";
		};
		82E11C8A21F4FF0E004BB784 /* FlixUITests */ = {
			isa = PBXGroup;
			children = (
				82E11C8B21F4FF0E004BB784 /* FlixUITests.swift */,
				82E11C8D21F4FF0E004BB784 /* Info.plist */,
			);
			path = FlixUITests;
			sourceTree = "<group>";
		};
		C45F767F42A584090F6C19D6 /* Frameworks */ = {
			isa = PBXGroup;
			children = (
				97046817D61EEB121DA7A2DB /* Pods_Flix.framework */,
				1FD48224F18AB586B7253F13 /* Pods_FlixTests.framework */,
				82AC95CAAD60DD1A65808E75 /* Pods_FlixUITests.framework */,
			);
			name = Frameworks;
			sourceTree = "<group>";
		};
/* End PBXGroup section */

/* Begin PBXNativeTarget section */
		82E11C6721F4FF0E004BB784 /* Flix */ = {
			isa = PBXNativeTarget;
			buildConfigurationList = 82E11C9021F4FF0E004BB784 /* Build configuration list for PBXNativeTarget "Flix" */;
			buildPhases = (
				34FFB3C34D874F542E5325A9 /* [CP] Check Pods Manifest.lock */,
				82E11C6421F4FF0E004BB784 /* Sources */,
				82E11C6521F4FF0E004BB784 /* Frameworks */,
				82E11C6621F4FF0E004BB784 /* Resources */,
				CB083352BD8770CE4669B9AA /* [CP] Embed Pods Frameworks */,
			);
			buildRules = (
			);
			dependencies = (
			);
			name = Flix;
			productName = Flix;
			productReference = 82E11C6821F4FF0E004BB784 /* Flix.app */;
			productType = "com.apple.product-type.application";
		};
		82E11C7B21F4FF0E004BB784 /* FlixTests */ = {
			isa = PBXNativeTarget;
			buildConfigurationList = 82E11C9321F4FF0E004BB784 /* Build configuration list for PBXNativeTarget "FlixTests" */;
			buildPhases = (
				83035F9F7AE0542DD577DA1C /* [CP] Check Pods Manifest.lock */,
				82E11C7821F4FF0E004BB784 /* Sources */,
				82E11C7921F4FF0E004BB784 /* Frameworks */,
				82E11C7A21F4FF0E004BB784 /* Resources */,
			);
			buildRules = (
			);
			dependencies = (
				82E11C7E21F4FF0E004BB784 /* PBXTargetDependency */,
			);
			name = FlixTests;
			productName = FlixTests;
			productReference = 82E11C7C21F4FF0E004BB784 /* FlixTests.xctest */;
			productType = "com.apple.product-type.bundle.unit-test";
		};
		82E11C8621F4FF0E004BB784 /* FlixUITests */ = {
			isa = PBXNativeTarget;
			buildConfigurationList = 82E11C9621F4FF0E004BB784 /* Build configuration list for PBXNativeTarget "FlixUITests" */;
			buildPhases = (
				73CA7723113D4A7936350794 /* [CP] Check Pods Manifest.lock */,
				82E11C8321F4FF0E004BB784 /* Sources */,
				82E11C8421F4FF0E004BB784 /* Frameworks */,
				82E11C8521F4FF0E004BB784 /* Resources */,
			);
			buildRules = (
			);
			dependencies = (
				82E11C8921F4FF0E004BB784 /* PBXTargetDependency */,
			);
			name = FlixUITests;
			productName = FlixUITests;
			productReference = 82E11C8721F4FF0E004BB784 /* FlixUITests.xctest */;
			productType = "com.apple.product-type.bundle.ui-testing";
		};
/* End PBXNativeTarget section */

/* Begin PBXProject section */
		82E11C6021F4FF0D004BB784 /* Project object */ = {
			isa = PBXProject;
			attributes = {
				LastSwiftUpdateCheck = 0920;
				LastUpgradeCheck = 0920;
				ORGANIZATIONNAME = "Christopher Lin";
				TargetAttributes = {
					82E11C6721F4FF0E004BB784 = {
						CreatedOnToolsVersion = 9.2;
						ProvisioningStyle = Automatic;
					};
					82E11C7B21F4FF0E004BB784 = {
						CreatedOnToolsVersion = 9.2;
						ProvisioningStyle = Automatic;
						TestTargetID = 82E11C6721F4FF0E004BB784;
					};
					82E11C8621F4FF0E004BB784 = {
						CreatedOnToolsVersion = 9.2;
						ProvisioningStyle = Automatic;
						TestTargetID = 82E11C6721F4FF0E004BB784;
					};
				};
			};
			buildConfigurationList = 82E11C6321F4FF0D004BB784 /* Build configuration list for PBXProject "Flix" */;
			compatibilityVersion = "Xcode 8.0";
			developmentRegion = en;
			hasScannedForEncodings = 0;
			knownRegions = (
				en,
				Base,
			);
			mainGroup = 82E11C5F21F4FF0D004BB784;
			productRefGroup = 82E11C6921F4FF0E004BB784 /* Products */;
			projectDirPath = "";
			projectRoot = "";
			targets = (
				82E11C6721F4FF0E004BB784 /* Flix */,
				82E11C7B21F4FF0E004BB784 /* FlixTests */,
				82E11C8621F4FF0E004BB784 /* FlixUITests */,
			);
		};
/* End PBXProject section */

/* Begin PBXResourcesBuildPhase section */
		82E11C6621F4FF0E004BB784 /* Resources */ = {
			isa = PBXResourcesBuildPhase;
			buildActionMask = 2147483647;
			files = (
				82E11C7621F4FF0E004BB784 /* LaunchScreen.storyboard in Resources */,
				82E11C7321F4FF0E004BB784 /* Assets.xcassets in Resources */,
				82E11C7121F4FF0E004BB784 /* Main.storyboard in Resources */,
			);
			runOnlyForDeploymentPostprocessing = 0;
		};
		82E11C7A21F4FF0E004BB784 /* Resources */ = {
			isa = PBXResourcesBuildPhase;
			buildActionMask = 2147483647;
			files = (
			);
			runOnlyForDeploymentPostprocessing = 0;
		};
		82E11C8521F4FF0E004BB784 /* Resources */ = {
			isa = PBXResourcesBuildPhase;
			buildActionMask = 2147483647;
			files = (
			);
			runOnlyForDeploymentPostprocessing = 0;
		};
/* End PBXResourcesBuildPhase section */

/* Begin PBXShellScriptBuildPhase section */
		34FFB3C34D874F542E5325A9 /* [CP] Check Pods Manifest.lock */ = {
			isa = PBXShellScriptBuildPhase;
			buildActionMask = 2147483647;
			files = (
			);
			inputFileListPaths = (
			);
			inputPaths = (
				"${PODS_PODFILE_DIR_PATH}/Podfile.lock",
				"${PODS_ROOT}/Manifest.lock",
			);
			name = "[CP] Check Pods Manifest.lock";
			outputFileListPaths = (
			);
			outputPaths = (
				"$(DERIVED_FILE_DIR)/Pods-Flix-checkManifestLockResult.txt",
			);
			runOnlyForDeploymentPostprocessing = 0;
			shellPath = /bin/sh;
			shellScript = "diff \"${PODS_PODFILE_DIR_PATH}/Podfile.lock\" \"${PODS_ROOT}/Manifest.lock\" > /dev/null\nif [ $? != 0 ] ; then\n    # print error to STDERR\n    echo \"error: The sandbox is not in sync with the Podfile.lock. Run 'pod install' or update your CocoaPods installation.\" >&2\n    exit 1\nfi\n# This output is used by Xcode 'outputs' to avoid re-running this script phase.\necho \"SUCCESS\" > \"${SCRIPT_OUTPUT_FILE_0}\"\n";
			showEnvVarsInLog = 0;
		};
		73CA7723113D4A7936350794 /* [CP] Check Pods Manifest.lock */ = {
			isa = PBXShellScriptBuildPhase;
			buildActionMask = 2147483647;
			files = (
			);
			inputFileListPaths = (
			);
			inputPaths = (
				"${PODS_PODFILE_DIR_PATH}/Podfile.lock",
				"${PODS_ROOT}/Manifest.lock",
			);
			name = "[CP] Check Pods Manifest.lock";
			outputFileListPaths = (
			);
			outputPaths = (
				"$(DERIVED_FILE_DIR)/Pods-FlixUITests-checkManifestLockResult.txt",
			);
			runOnlyForDeploymentPostprocessing = 0;
			shellPath = /bin/sh;
			shellScript = "diff \"${PODS_PODFILE_DIR_PATH}/Podfile.lock\" \"${PODS_ROOT}/Manifest.lock\" > /dev/null\nif [ $? != 0 ] ; then\n    # print error to STDERR\n    echo \"error: The sandbox is not in sync with the Podfile.lock. Run 'pod install' or update your CocoaPods installation.\" >&2\n    exit 1\nfi\n# This output is used by Xcode 'outputs' to avoid re-running this script phase.\necho \"SUCCESS\" > \"${SCRIPT_OUTPUT_FILE_0}\"\n";
			showEnvVarsInLog = 0;
		};
		83035F9F7AE0542DD577DA1C /* [CP] Check Pods Manifest.lock */ = {
			isa = PBXShellScriptBuildPhase;
			buildActionMask = 2147483647;
			files = (
			);
			inputFileListPaths = (
			);
			inputPaths = (
				"${PODS_PODFILE_DIR_PATH}/Podfile.lock",
				"${PODS_ROOT}/Manifest.lock",
			);
			name = "[CP] Check Pods Manifest.lock";
			outputFileListPaths = (
			);
			outputPaths = (
				"$(DERIVED_FILE_DIR)/Pods-FlixTests-checkManifestLockResult.txt",
			);
			runOnlyForDeploymentPostprocessing = 0;
			shellPath = /bin/sh;
			shellScript = "diff \"${PODS_PODFILE_DIR_PATH}/Podfile.lock\" \"${PODS_ROOT}/Manifest.lock\" > /dev/null\nif [ $? != 0 ] ; then\n    # print error to STDERR\n    echo \"error: The sandbox is not in sync with the Podfile.lock. Run 'pod install' or update your CocoaPods installation.\" >&2\n    exit 1\nfi\n# This output is used by Xcode 'outputs' to avoid re-running this script phase.\necho \"SUCCESS\" > \"${SCRIPT_OUTPUT_FILE_0}\"\n";
			showEnvVarsInLog = 0;
		};
		CB083352BD8770CE4669B9AA /* [CP] Embed Pods Frameworks */ = {
			isa = PBXShellScriptBuildPhase;
			buildActionMask = 2147483647;
			files = (
			);
			inputFileListPaths = (
			);
			inputPaths = (
				"${SRCROOT}/Pods/Target Support Files/Pods-Flix/Pods-Flix-frameworks.sh",
				"${BUILT_PRODUCTS_DIR}/Alamofire/Alamofire.framework",
				"${BUILT_PRODUCTS_DIR}/AlamofireImage/AlamofireImage.framework",
			);
			name = "[CP] Embed Pods Frameworks";
			outputFileListPaths = (
			);
			outputPaths = (
				"${TARGET_BUILD_DIR}/${FRAMEWORKS_FOLDER_PATH}/Alamofire.framework",
				"${TARGET_BUILD_DIR}/${FRAMEWORKS_FOLDER_PATH}/AlamofireImage.framework",
			);
			runOnlyForDeploymentPostprocessing = 0;
			shellPath = /bin/sh;
			shellScript = "\"${SRCROOT}/Pods/Target Support Files/Pods-Flix/Pods-Flix-frameworks.sh\"\n";
			showEnvVarsInLog = 0;
		};
/* End PBXShellScriptBuildPhase section */

/* Begin PBXSourcesBuildPhase section */
		82E11C6421F4FF0E004BB784 /* Sources */ = {
			isa = PBXSourcesBuildPhase;
			buildActionMask = 2147483647;
			files = (
				82E11C6C21F4FF0E004BB784 /* AppDelegate.swift in Sources */,
				82E11C9A21F50275004BB784 /* MovieViewController.swift in Sources */,
				82B34C2321F6AC81004657B8 /* MovieCell.swift in Sources */,
			);
			runOnlyForDeploymentPostprocessing = 0;
		};
		82E11C7821F4FF0E004BB784 /* Sources */ = {
			isa = PBXSourcesBuildPhase;
			buildActionMask = 2147483647;
			files = (
				82E11C8121F4FF0E004BB784 /* FlixTests.swift in Sources */,
			);
			runOnlyForDeploymentPostprocessing = 0;
		};
		82E11C8321F4FF0E004BB784 /* Sources */ = {
			isa = PBXSourcesBuildPhase;
			buildActionMask = 2147483647;
			files = (
				82E11C8C21F4FF0E004BB784 /* FlixUITests.swift in Sources */,
			);
			runOnlyForDeploymentPostprocessing = 0;
		};
/* End PBXSourcesBuildPhase section */

/* Begin PBXTargetDependency section */
		82E11C7E21F4FF0E004BB784 /* PBXTargetDependency */ = {
			isa = PBXTargetDependency;
			target = 82E11C6721F4FF0E004BB784 /* Flix */;
			targetProxy = 82E11C7D21F4FF0E004BB784 /* PBXContainerItemProxy */;
		};
		82E11C8921F4FF0E004BB784 /* PBXTargetDependency */ = {
			isa = PBXTargetDependency;
			target = 82E11C6721F4FF0E004BB784 /* Flix */;
			targetProxy = 82E11C8821F4FF0E004BB784 /* PBXContainerItemProxy */;
		};
/* End PBXTargetDependency section */

/* Begin PBXVariantGroup section */
		82E11C6F21F4FF0E004BB784 /* Main.storyboard */ = {
			isa = PBXVariantGroup;
			children = (
				82E11C7021F4FF0E004BB784 /* Base */,
			);
			name = Main.storyboard;
			sourceTree = "<group>";
		};
		82E11C7421F4FF0E004BB784 /* LaunchScreen.storyboard */ = {
			isa = PBXVariantGroup;
			children = (
				82E11C7521F4FF0E004BB784 /* Base */,
			);
			name = LaunchScreen.storyboard;
			sourceTree = "<group>";
		};
/* End PBXVariantGroup section */

/* Begin XCBuildConfiguration section */
		82E11C8E21F4FF0E004BB784 /* Debug */ = {
			isa = XCBuildConfiguration;
			buildSettings = {
				ALWAYS_SEARCH_USER_PATHS = NO;
				CLANG_ANALYZER_NONNULL = YES;
				CLANG_ANALYZER_NUMBER_OBJECT_CONVERSION = YES_AGGRESSIVE;
				CLANG_CXX_LANGUAGE_STANDARD = "gnu++14";
				CLANG_CXX_LIBRARY = "libc++";
				CLANG_ENABLE_MODULES = YES;
				CLANG_ENABLE_OBJC_ARC = YES;
				CLANG_WARN_BLOCK_CAPTURE_AUTORELEASING = YES;
				CLANG_WARN_BOOL_CONVERSION = YES;
				CLANG_WARN_COMMA = YES;
				CLANG_WARN_CONSTANT_CONVERSION = YES;
				CLANG_WARN_DIRECT_OBJC_ISA_USAGE = YES_ERROR;
				CLANG_WARN_DOCUMENTATION_COMMENTS = YES;
				CLANG_WARN_EMPTY_BODY = YES;
				CLANG_WARN_ENUM_CONVERSION = YES;
				CLANG_WARN_INFINITE_RECURSION = YES;
				CLANG_WARN_INT_CONVERSION = YES;
				CLANG_WARN_NON_LITERAL_NULL_CONVERSION = YES;
				CLANG_WARN_OBJC_LITERAL_CONVERSION = YES;
				CLANG_WARN_OBJC_ROOT_CLASS = YES_ERROR;
				CLANG_WARN_RANGE_LOOP_ANALYSIS = YES;
				CLANG_WARN_STRICT_PROTOTYPES = YES;
				CLANG_WARN_SUSPICIOUS_MOVE = YES;
				CLANG_WARN_UNGUARDED_AVAILABILITY = YES_AGGRESSIVE;
				CLANG_WARN_UNREACHABLE_CODE = YES;
				CLANG_WARN__DUPLICATE_METHOD_MATCH = YES;
				CODE_SIGN_IDENTITY = "iPhone Developer";
				COPY_PHASE_STRIP = NO;
				DEBUG_INFORMATION_FORMAT = dwarf;
				ENABLE_STRICT_OBJC_MSGSEND = YES;
				ENABLE_TESTABILITY = YES;
				GCC_C_LANGUAGE_STANDARD = gnu11;
				GCC_DYNAMIC_NO_PIC = NO;
				GCC_NO_COMMON_BLOCKS = YES;
				GCC_OPTIMIZATION_LEVEL = 0;
				GCC_PREPROCESSOR_DEFINITIONS = (
					"DEBUG=1",
					"$(inherited)",
				);
				GCC_WARN_64_TO_32_BIT_CONVERSION = YES;
				GCC_WARN_ABOUT_RETURN_TYPE = YES_ERROR;
				GCC_WARN_UNDECLARED_SELECTOR = YES;
				GCC_WARN_UNINITIALIZED_AUTOS = YES_AGGRESSIVE;
				GCC_WARN_UNUSED_FUNCTION = YES;
				GCC_WARN_UNUSED_VARIABLE = YES;
				IPHONEOS_DEPLOYMENT_TARGET = 11.2;
				MTL_ENABLE_DEBUG_INFO = YES;
				ONLY_ACTIVE_ARCH = YES;
				SDKROOT = iphoneos;
				SWIFT_ACTIVE_COMPILATION_CONDITIONS = DEBUG;
				SWIFT_OPTIMIZATION_LEVEL = "-Onone";
			};
			name = Debug;
		};
		82E11C8F21F4FF0E004BB784 /* Release */ = {
			isa = XCBuildConfiguration;
			buildSettings = {
				ALWAYS_SEARCH_USER_PATHS = NO;
				CLANG_ANALYZER_NONNULL = YES;
				CLANG_ANALYZER_NUMBER_OBJECT_CONVERSION = YES_AGGRESSIVE;
				CLANG_CXX_LANGUAGE_STANDARD = "gnu++14";
				CLANG_CXX_LIBRARY = "libc++";
				CLANG_ENABLE_MODULES = YES;
				CLANG_ENABLE_OBJC_ARC = YES;
				CLANG_WARN_BLOCK_CAPTURE_AUTORELEASING = YES;
				CLANG_WARN_BOOL_CONVERSION = YES;
				CLANG_WARN_COMMA = YES;
				CLANG_WARN_CONSTANT_CONVERSION = YES;
				CLANG_WARN_DIRECT_OBJC_ISA_USAGE = YES_ERROR;
				CLANG_WARN_DOCUMENTATION_COMMENTS = YES;
				CLANG_WARN_EMPTY_BODY = YES;
				CLANG_WARN_ENUM_CONVERSION = YES;
				CLANG_WARN_INFINITE_RECURSION = YES;
				CLANG_WARN_INT_CONVERSION = YES;
				CLANG_WARN_NON_LITERAL_NULL_CONVERSION = YES;
				CLANG_WARN_OBJC_LITERAL_CONVERSION = YES;
				CLANG_WARN_OBJC_ROOT_CLASS = YES_ERROR;
				CLANG_WARN_RANGE_LOOP_ANALYSIS = YES;
				CLANG_WARN_STRICT_PROTOTYPES = YES;
				CLANG_WARN_SUSPICIOUS_MOVE = YES;
				CLANG_WARN_UNGUARDED_AVAILABILITY = YES_AGGRESSIVE;
				CLANG_WARN_UNREACHABLE_CODE = YES;
				CLANG_WARN__DUPLICATE_METHOD_MATCH = YES;
				CODE_SIGN_IDENTITY = "iPhone Developer";
				COPY_PHASE_STRIP = NO;
				DEBUG_INFORMATION_FORMAT = "dwarf-with-dsym";
				ENABLE_NS_ASSERTIONS = NO;
				ENABLE_STRICT_OBJC_MSGSEND = YES;
				GCC_C_LANGUAGE_STANDARD = gnu11;
				GCC_NO_COMMON_BLOCKS = YES;
				GCC_WARN_64_TO_32_BIT_CONVERSION = YES;
				GCC_WARN_ABOUT_RETURN_TYPE = YES_ERROR;
				GCC_WARN_UNDECLARED_SELECTOR = YES;
				GCC_WARN_UNINITIALIZED_AUTOS = YES_AGGRESSIVE;
				GCC_WARN_UNUSED_FUNCTION = YES;
				GCC_WARN_UNUSED_VARIABLE = YES;
				IPHONEOS_DEPLOYMENT_TARGET = 11.2;
				MTL_ENABLE_DEBUG_INFO = NO;
				SDKROOT = iphoneos;
				SWIFT_OPTIMIZATION_LEVEL = "-Owholemodule";
				VALIDATE_PRODUCT = YES;
			};
			name = Release;
		};
		82E11C9121F4FF0E004BB784 /* Debug */ = {
			isa = XCBuildConfiguration;
			baseConfigurationReference = FE19B9F52A114035D3082D5D /* Pods-Flix.debug.xcconfig */;
			buildSettings = {
				ASSETCATALOG_COMPILER_APPICON_NAME = AppIcon;
				CODE_SIGN_STYLE = Automatic;
				INFOPLIST_FILE = Flix/Info.plist;
				LD_RUNPATH_SEARCH_PATHS = "$(inherited) @executable_path/Frameworks";
				PRODUCT_BUNDLE_IDENTIFIER = clin.Flix;
				PRODUCT_NAME = "$(TARGET_NAME)";
				SWIFT_VERSION = 4.0;
				TARGETED_DEVICE_FAMILY = "1,2";
			};
			name = Debug;
		};
		82E11C9221F4FF0E004BB784 /* Release */ = {
			isa = XCBuildConfiguration;
			baseConfigurationReference = 42679E79C5F99A1B8C196829 /* Pods-Flix.release.xcconfig */;
			buildSettings = {
				ASSETCATALOG_COMPILER_APPICON_NAME = AppIcon;
				CODE_SIGN_STYLE = Automatic;
				INFOPLIST_FILE = Flix/Info.plist;
				LD_RUNPATH_SEARCH_PATHS = "$(inherited) @executable_path/Frameworks";
				PRODUCT_BUNDLE_IDENTIFIER = clin.Flix;
				PRODUCT_NAME = "$(TARGET_NAME)";
				SWIFT_VERSION = 4.0;
				TARGETED_DEVICE_FAMILY = "1,2";
			};
			name = Release;
		};
		82E11C9421F4FF0E004BB784 /* Debug */ = {
			isa = XCBuildConfiguration;
			baseConfigurationReference = 405CF97D7463880ABDD5CFF0 /* Pods-FlixTests.debug.xcconfig */;
			buildSettings = {
				ALWAYS_EMBED_SWIFT_STANDARD_LIBRARIES = YES;
				BUNDLE_LOADER = "$(TEST_HOST)";
				CODE_SIGN_STYLE = Automatic;
				INFOPLIST_FILE = FlixTests/Info.plist;
				LD_RUNPATH_SEARCH_PATHS = "$(inherited) @executable_path/Frameworks @loader_path/Frameworks";
				PRODUCT_BUNDLE_IDENTIFIER = clin.FlixTests;
				PRODUCT_NAME = "$(TARGET_NAME)";
				SWIFT_VERSION = 4.0;
				TARGETED_DEVICE_FAMILY = "1,2";
				TEST_HOST = "$(BUILT_PRODUCTS_DIR)/Flix.app/Flix";
			};
			name = Debug;
		};
		82E11C9521F4FF0E004BB784 /* Release */ = {
			isa = XCBuildConfiguration;
			baseConfigurationReference = 0B69CDD7BD0C7C22CCBE9455 /* Pods-FlixTests.release.xcconfig */;
			buildSettings = {
				ALWAYS_EMBED_SWIFT_STANDARD_LIBRARIES = YES;
				BUNDLE_LOADER = "$(TEST_HOST)";
				CODE_SIGN_STYLE = Automatic;
				INFOPLIST_FILE = FlixTests/Info.plist;
				LD_RUNPATH_SEARCH_PATHS = "$(inherited) @executable_path/Frameworks @loader_path/Frameworks";
				PRODUCT_BUNDLE_IDENTIFIER = clin.FlixTests;
				PRODUCT_NAME = "$(TARGET_NAME)";
				SWIFT_VERSION = 4.0;
				TARGETED_DEVICE_FAMILY = "1,2";
				TEST_HOST = "$(BUILT_PRODUCTS_DIR)/Flix.app/Flix";
			};
			name = Release;
		};
		82E11C9721F4FF0E004BB784 /* Debug */ = {
			isa = XCBuildConfiguration;
			baseConfigurationReference = EAE8F1779D0B7D6D7C59681D /* Pods-FlixUITests.debug.xcconfig */;
			buildSettings = {
				ALWAYS_EMBED_SWIFT_STANDARD_LIBRARIES = YES;
				CODE_SIGN_STYLE = Automatic;
				INFOPLIST_FILE = FlixUITests/Info.plist;
				LD_RUNPATH_SEARCH_PATHS = "$(inherited) @executable_path/Frameworks @loader_path/Frameworks";
				PRODUCT_BUNDLE_IDENTIFIER = clin.FlixUITests;
				PRODUCT_NAME = "$(TARGET_NAME)";
				SWIFT_VERSION = 4.0;
				TARGETED_DEVICE_FAMILY = "1,2";
				TEST_TARGET_NAME = Flix;
			};
			name = Debug;
		};
		82E11C9821F4FF0E004BB784 /* Release */ = {
			isa = XCBuildConfiguration;
			baseConfigurationReference = E0CF509CD6AF2B113A94D617 /* Pods-FlixUITests.release.xcconfig */;
			buildSettings = {
				ALWAYS_EMBED_SWIFT_STANDARD_LIBRARIES = YES;
				CODE_SIGN_STYLE = Automatic;
				INFOPLIST_FILE = FlixUITests/Info.plist;
				LD_RUNPATH_SEARCH_PATHS = "$(inherited) @executable_path/Frameworks @loader_path/Frameworks";
				PRODUCT_BUNDLE_IDENTIFIER = clin.FlixUITests;
				PRODUCT_NAME = "$(TARGET_NAME)";
				SWIFT_VERSION = 4.0;
				TARGETED_DEVICE_FAMILY = "1,2";
				TEST_TARGET_NAME = Flix;
			};
			name = Release;
		};
/* End XCBuildConfiguration section */

/* Begin XCConfigurationList section */
		82E11C6321F4FF0D004BB784 /* Build configuration list for PBXProject "Flix" */ = {
			isa = XCConfigurationList;
			buildConfigurations = (
				82E11C8E21F4FF0E004BB784 /* Debug */,
				82E11C8F21F4FF0E004BB784 /* Release */,
			);
			defaultConfigurationIsVisible = 0;
			defaultConfigurationName = Release;
		};
		82E11C9021F4FF0E004BB784 /* Build configuration list for PBXNativeTarget "Flix" */ = {
			isa = XCConfigurationList;
			buildConfigurations = (
				82E11C9121F4FF0E004BB784 /* Debug */,
				82E11C9221F4FF0E004BB784 /* Release */,
			);
			defaultConfigurationIsVisible = 0;
			defaultConfigurationName = Release;
		};
		82E11C9321F4FF0E004BB784 /* Build configuration list for PBXNativeTarget "FlixTests" */ = {
			isa = XCConfigurationList;
			buildConfigurations = (
				82E11C9421F4FF0E004BB784 /* Debug */,
				82E11C9521F4FF0E004BB784 /* Release */,
			);
			defaultConfigurationIsVisible = 0;
			defaultConfigurationName = Release;
		};
		82E11C9621F4FF0E004BB784 /* Build configuration list for PBXNativeTarget "FlixUITests" */ = {
			isa = XCConfigurationList;
			buildConfigurations = (
				82E11C9721F4FF0E004BB784 /* Debug */,
				82E11C9821F4FF0E004BB784 /* Release */,
			);
			defaultConfigurationIsVisible = 0;
			defaultConfigurationName = Release;
		};
/* End XCConfigurationList section */
	};
	rootObject = 82E11C6021F4FF0D004BB784 /* Project object */;
}
